
Microsoft Visual Studio Solution File, Format Version 12.00
# Visual Studio Version 17
VisualStudioVersion = 17.0.31912.275
MinimumVisualStudioVersion = 10.0.40219.1
Project("{9A19103F-16F7-4668-BE54-9A1E7A4F7556}") = "UiExporter", "UiExporter.csproj", "{80CA395C-8BAA-429F-B448-E6096FF58651}"
EndProject
Global
	GlobalSection(SolutionConfigurationPlatforms) = preSolution
		Debug|Any CPU = Debug|Any CPU
		Debug|ARM = Debug|ARM
		Debug|ARM64 = Debug|ARM64
		Debug|x64 = Debug|x64
		Debug|x86 = Debug|x86
		Release|Any CPU = Release|Any CPU
		Release|ARM = Release|ARM
		Release|ARM64 = Release|ARM64
		Release|x64 = Release|x64
		Release|x86 = Release|x86
	EndGlobalSection
	GlobalSection(ProjectConfigurationPlatforms) = postSolution
		{80CA395C-8BAA-429F-B448-E6096FF58651}.Debug|Any CPU.ActiveCfg = Debug|Any CPU
		{80CA395C-8BAA-429F-B448-E6096FF58651}.Debug|Any CPU.Build.0 = Debug|Any CPU
		{80CA395C-8BAA-429F-B448-E6096FF58651}.Debug|ARM.ActiveCfg = Debug|Any CPU
		{80CA395C-8BAA-429F-B448-E6096FF58651}.Debug|ARM.Build.0 = Debug|Any CPU
		{80CA395C-8BAA-429F-B448-E6096FF58651}.Debug|ARM64.ActiveCfg = Debug|Any CPU
		{80CA395C-8BAA-429F-B448-E6096FF58651}.Debug|ARM64.Build.0 = Debug|Any CPU
		{80CA395C-8BAA-429F-B448-E6096FF58651}.Debug|x64.ActiveCfg = Debug|Any CPU
		{80CA395C-8BAA-429F-B448-E6096FF58651}.Debug|x64.Build.0 = Debug|Any CPU
		{80CA395C-8BAA-429F-B448-E6096FF58651}.Debug|x86.ActiveCfg = Debug|Any CPU
		{80CA395C-8BAA-429F-B448-E6096FF58651}.Debug|x86.Build.0 = Debug|Any CPU
		{80CA395C-8BAA-429F-B448-E6096FF58651}.Release|Any CPU.ActiveCfg = Release|Any CPU
		{80CA395C-8BAA-429F-B448-E6096FF58651}.Release|Any CPU.Build.0 = Release|Any CPU
		{80CA395C-8BAA-429F-B448-E6096FF58651}.Release|ARM.ActiveCfg = Release|Any CPU
		{80CA395C-8BAA-429F-B448-E6096FF58651}.Release|ARM.Build.0 = Release|Any CPU
		{80CA395C-8BAA-429F-B448-E6096FF58651}.Release|ARM64.ActiveCfg = Release|Any CPU
		{80CA395C-8BAA-429F-B448-E6096FF58651}.Release|ARM64.Build.0 = Release|Any CPU
		{80CA395C-8BAA-429F-B448-E6096FF58651}.Release|x64.ActiveCfg = Release|Any CPU
		{80CA395C-8BAA-429F-B448-E6096FF58651}.Release|x64.Build.0 = Release|Any CPU
		{80CA395C-8BAA-429F-B448-E6096FF58651}.Release|x86.ActiveCfg = Release|Any CPU
		{80CA395C-8BAA-429F-B448-E6096FF58651}.Release|x86.Build.0 = Release|Any CPU
	EndGlobalSection
	GlobalSection(SolutionProperties) = preSolution
		HideSolutionNode = FALSE
	EndGlobalSection
	GlobalSection(ExtensibilityGlobals) = postSolution
		SolutionGuid = {AD972B4B-AD96-4352-88AE-5E421134990C}
	EndGlobalSection
EndGlobal
